
Microsoft Visual Studio Solution File, Format Version 12.00
# Visual Studio 2013
VisualStudioVersion = 12.0.31101.0
MinimumVisualStudioVersion = 10.0.40219.1
Project("{8BC9CEB8-8B4A-11D0-8D11-00A0C91BC942}") = "SEGA", "SEGA\SEGA.vcxproj", "{3DE6287E-1249-41C4-A0F2-378BA3B0DD5A}"
EndProject
Project("{8BC9CEB8-8B4A-11D0-8D11-00A0C91BC942}") = "segalib", "segalib\segalib.vcxproj", "{57B143E8-2941-478D-9873-8FD793813FA2}"
EndProject
Project("{8BC9CEB8-8B4A-11D0-8D11-00A0C91BC942}") = "libpng", "libpng\libpng.vcxproj", "{9FC3C5BB-1685-4C31-91A5-B98FE8903D9F}"
EndProject
Project("{8BC9CEB8-8B4A-11D0-8D11-00A0C91BC942}") = "BT", "BT\BT.vcxproj", "{2F441A33-903C-4503-89C5-359BB137260C}"
	ProjectSection(ProjectDependencies) = postProject
		{3DE6287E-1249-41C4-A0F2-378BA3B0DD5A} = {3DE6287E-1249-41C4-A0F2-378BA3B0DD5A}
		{8917FDBE-CA46-4D6A-93E4-57A0FFD0DF08} = {8917FDBE-CA46-4D6A-93E4-57A0FFD0DF08}
	EndProjectSection
EndProject
Project("{8BC9CEB8-8B4A-11D0-8D11-00A0C91BC942}") = "segautils", "segautils\segautils.vcxproj", "{C928A7B6-88D1-4697-9E1D-771FA8A06C55}"
	ProjectSection(ProjectDependencies) = postProject
		{768A8F37-D636-4881-95EA-6AD34E95DC7D} = {768A8F37-D636-4881-95EA-6AD34E95DC7D}
	EndProjectSection
EndProject
Project("{8BC9CEB8-8B4A-11D0-8D11-00A0C91BC942}") = "GLSLRenderer", "GLSLRenderer\GLSLRenderer.vcxproj", "{8917FDBE-CA46-4D6A-93E4-57A0FFD0DF08}"
EndProject
Project("{8BC9CEB8-8B4A-11D0-8D11-00A0C91BC942}") = "segashared", "segashared\segashared.vcxproj", "{768A8F37-D636-4881-95EA-6AD34E95DC7D}"
EndProject
Project("{8BC9CEB8-8B4A-11D0-8D11-00A0C91BC942}") = "BTGame", "BTGame\BTGame.vcxproj", "{81713CA5-BCEC-450C-9D78-EDAC6C7B71D1}"
EndProject
Project("{8BC9CEB8-8B4A-11D0-8D11-00A0C91BC942}") = "SEGA Studio", "SEGA Studio\SEGA Studio.vcxproj", "{C806DDE1-8AFC-4F81-82B6-1A89F366EF79}"
EndProject
Global
	GlobalSection(SolutionConfigurationPlatforms) = preSolution
		Debug|Win32 = Debug|Win32
		Release|Win32 = Release|Win32
	EndGlobalSection
	GlobalSection(ProjectConfigurationPlatforms) = postSolution
		{3DE6287E-1249-41C4-A0F2-378BA3B0DD5A}.Debug|Win32.ActiveCfg = Debug|Win32
		{3DE6287E-1249-41C4-A0F2-378BA3B0DD5A}.Debug|Win32.Build.0 = Debug|Win32
		{3DE6287E-1249-41C4-A0F2-378BA3B0DD5A}.Release|Win32.ActiveCfg = Release|Win32
		{3DE6287E-1249-41C4-A0F2-378BA3B0DD5A}.Release|Win32.Build.0 = Release|Win32
		{57B143E8-2941-478D-9873-8FD793813FA2}.Debug|Win32.ActiveCfg = Debug|Win32
		{57B143E8-2941-478D-9873-8FD793813FA2}.Debug|Win32.Build.0 = Debug|Win32
		{57B143E8-2941-478D-9873-8FD793813FA2}.Release|Win32.ActiveCfg = Release|Win32
		{57B143E8-2941-478D-9873-8FD793813FA2}.Release|Win32.Build.0 = Release|Win32
		{9FC3C5BB-1685-4C31-91A5-B98FE8903D9F}.Debug|Win32.ActiveCfg = Debug|Win32
		{9FC3C5BB-1685-4C31-91A5-B98FE8903D9F}.Debug|Win32.Build.0 = Debug|Win32
		{9FC3C5BB-1685-4C31-91A5-B98FE8903D9F}.Release|Win32.ActiveCfg = Release|Win32
		{9FC3C5BB-1685-4C31-91A5-B98FE8903D9F}.Release|Win32.Build.0 = Release|Win32
		{2F441A33-903C-4503-89C5-359BB137260C}.Debug|Win32.ActiveCfg = Debug|Win32
		{2F441A33-903C-4503-89C5-359BB137260C}.Debug|Win32.Build.0 = Debug|Win32
		{2F441A33-903C-4503-89C5-359BB137260C}.Release|Win32.ActiveCfg = Release|Win32
		{2F441A33-903C-4503-89C5-359BB137260C}.Release|Win32.Build.0 = Release|Win32
		{C928A7B6-88D1-4697-9E1D-771FA8A06C55}.Debug|Win32.ActiveCfg = Debug|Win32
		{C928A7B6-88D1-4697-9E1D-771FA8A06C55}.Debug|Win32.Build.0 = Debug|Win32
		{C928A7B6-88D1-4697-9E1D-771FA8A06C55}.Release|Win32.ActiveCfg = Release|Win32
		{C928A7B6-88D1-4697-9E1D-771FA8A06C55}.Release|Win32.Build.0 = Release|Win32
		{8917FDBE-CA46-4D6A-93E4-57A0FFD0DF08}.Debug|Win32.ActiveCfg = Debug|Win32
		{8917FDBE-CA46-4D6A-93E4-57A0FFD0DF08}.Debug|Win32.Build.0 = Debug|Win32
		{8917FDBE-CA46-4D6A-93E4-57A0FFD0DF08}.Release|Win32.ActiveCfg = Release|Win32
		{8917FDBE-CA46-4D6A-93E4-57A0FFD0DF08}.Release|Win32.Build.0 = Release|Win32
		{768A8F37-D636-4881-95EA-6AD34E95DC7D}.Debug|Win32.ActiveCfg = Debug|Win32
		{768A8F37-D636-4881-95EA-6AD34E95DC7D}.Debug|Win32.Build.0 = Debug|Win32
		{768A8F37-D636-4881-95EA-6AD34E95DC7D}.Release|Win32.ActiveCfg = Release|Win32
		{768A8F37-D636-4881-95EA-6AD34E95DC7D}.Release|Win32.Build.0 = Release|Win32
		{81713CA5-BCEC-450C-9D78-EDAC6C7B71D1}.Debug|Win32.ActiveCfg = Debug|Win32
		{81713CA5-BCEC-450C-9D78-EDAC6C7B71D1}.Debug|Win32.Build.0 = Debug|Win32
		{81713CA5-BCEC-450C-9D78-EDAC6C7B71D1}.Release|Win32.ActiveCfg = Release|Win32
		{81713CA5-BCEC-450C-9D78-EDAC6C7B71D1}.Release|Win32.Build.0 = Release|Win32
		{C806DDE1-8AFC-4F81-82B6-1A89F366EF79}.Debug|Win32.ActiveCfg = Debug|Win32
		{C806DDE1-8AFC-4F81-82B6-1A89F366EF79}.Debug|Win32.Build.0 = Debug|Win32
		{C806DDE1-8AFC-4F81-82B6-1A89F366EF79}.Release|Win32.ActiveCfg = Release|Win32
		{C806DDE1-8AFC-4F81-82B6-1A89F366EF79}.Release|Win32.Build.0 = Release|Win32
	EndGlobalSection
	GlobalSection(SolutionProperties) = preSolution
		HideSolutionNode = FALSE
	EndGlobalSection
EndGlobal
