
Microsoft Visual Studio Solution File, Format Version 12.00
# Visual Studio 2012
Project("{8BC9CEB8-8B4A-11D0-8D11-00A0C91BC942}") = "SEGA", "SEGA\SEGA.vcxproj", "{3DE6287E-1249-41C4-A0F2-378BA3B0DD5A}"
EndProject
Project("{8BC9CEB8-8B4A-11D0-8D11-00A0C91BC942}") = "segalib", "segalib\segalib.vcxproj", "{57B143E8-2941-478D-9873-8FD793813FA2}"
EndProject
Project("{8BC9CEB8-8B4A-11D0-8D11-00A0C91BC942}") = "libpng", "libpng\libpng.vcxproj", "{9FC3C5BB-1685-4C31-91A5-B98FE8903D9F}"
EndProject
Global
	GlobalSection(SolutionConfigurationPlatforms) = preSolution
		Debug|Win32 = Debug|Win32
		Release|Win32 = Release|Win32
	EndGlobalSection
	GlobalSection(ProjectConfigurationPlatforms) = postSolution
		{3DE6287E-1249-41C4-A0F2-378BA3B0DD5A}.Debug|Win32.ActiveCfg = Debug|Win32
		{3DE6287E-1249-41C4-A0F2-378BA3B0DD5A}.Debug|Win32.Build.0 = Debug|Win32
		{3DE6287E-1249-41C4-A0F2-378BA3B0DD5A}.Release|Win32.ActiveCfg = Release|Win32
		{3DE6287E-1249-41C4-A0F2-378BA3B0DD5A}.Release|Win32.Build.0 = Release|Win32
		{57B143E8-2941-478D-9873-8FD793813FA2}.Debug|Win32.ActiveCfg = Debug|Win32
		{57B143E8-2941-478D-9873-8FD793813FA2}.Debug|Win32.Build.0 = Debug|Win32
		{57B143E8-2941-478D-9873-8FD793813FA2}.Release|Win32.ActiveCfg = Release|Win32
		{57B143E8-2941-478D-9873-8FD793813FA2}.Release|Win32.Build.0 = Release|Win32
		{9FC3C5BB-1685-4C31-91A5-B98FE8903D9F}.Debug|Win32.ActiveCfg = Debug|Win32
		{9FC3C5BB-1685-4C31-91A5-B98FE8903D9F}.Debug|Win32.Build.0 = Debug|Win32
		{9FC3C5BB-1685-4C31-91A5-B98FE8903D9F}.Release|Win32.ActiveCfg = Release|Win32
		{9FC3C5BB-1685-4C31-91A5-B98FE8903D9F}.Release|Win32.Build.0 = Release|Win32
	EndGlobalSection
	GlobalSection(SolutionProperties) = preSolution
		HideSolutionNode = FALSE
	EndGlobalSection
EndGlobal
