<?xml version="1.0" encoding="utf-8"?>
<Project ToolsVersion="14.0" xmlns="http://schemas.microsoft.com/developer/msbuild/2003">
  <ItemGroup>
    <Filter Include="Resource Files">
      <UniqueIdentifier>{67DA6AB6-F800-4c08-8B7A-83BB121AAD01}</UniqueIdentifier>
      <Extensions>rc;ico;cur;bmp;dlg;rc2;rct;bin;rgs;gif;jpg;jpeg;jpe;resx;tga;tiff;tif;png;wav;mfcribbon-ms</Extensions>
    </Filter>
    <Filter Include="Header Files">
      <UniqueIdentifier>{103cc19c-7477-4425-9270-623a34661781}</UniqueIdentifier>
    </Filter>
    <Filter Include="Source Files">
      <UniqueIdentifier>{0ed8f4e4-d09f-4a1d-bb80-63b555d34863}</UniqueIdentifier>
    </Filter>
  </ItemGroup>
  <ItemGroup>
    <ClInclude Include="..\SEGA\App.h">
      <Filter>Header Files</Filter>
    </ClInclude>
    <ClInclude Include="..\SEGA\IDeviceContext.h">
      <Filter>Header Files</Filter>
    </ClInclude>
    <ClInclude Include="..\SEGA\Input.h">
      <Filter>Header Files</Filter>
    </ClInclude>
    <ClInclude Include="..\SEGA\IRenderer.h">
      <Filter>Header Files</Filter>
    </ClInclude>
  </ItemGroup>
  <ItemGroup>
    <ClCompile Include="..\SEGA\App.c">
      <Filter>Source Files</Filter>
    </ClCompile>
    <ClCompile Include="..\SEGA\IDeviceContext.c">
      <Filter>Source Files</Filter>
    </ClCompile>
    <ClCompile Include="..\SEGA\IRenderer.c">
      <Filter>Source Files</Filter>
    </ClCompile>
    <ClCompile Include="..\SEGA\Keyboard.c">
      <Filter>Source Files</Filter>
    </ClCompile>
    <ClCompile Include="..\SEGA\Mouse.c">
      <Filter>Source Files</Filter>
    </ClCompile>
  </ItemGroup>
</Project>