<?xml version="1.0" encoding="utf-8"?>
<Project ToolsVersion="4.0" xmlns="http://schemas.microsoft.com/developer/msbuild/2003">
  <ItemGroup>
    <ClCompile Include="BitBuffer.c">
      <Filter>Source Files</Filter>
    </ClCompile>
    <ClCompile Include="BitTwiddling.c">
      <Filter>Source Files</Filter>
    </ClCompile>
    <ClCompile Include="Matrix.c">
      <Filter>Source Files</Filter>
    </ClCompile>
    <ClCompile Include="IntrusiveHeap.c">
      <Filter>Source Files</Filter>
    </ClCompile>
    <ClCompile Include="Dijkstras.c">
      <Filter>Source Files</Filter>
    </ClCompile>
    <ClCompile Include="StandardVectors.c">
      <Filter>Source Files</Filter>
    </ClCompile>
    <ClCompile Include="Vector.c">
      <Filter>Source Files</Filter>
    </ClCompile>
    <ClCompile Include="Quaternion.c">
      <Filter>Source Files</Filter>
    </ClCompile>
    <ClCompile Include="FSM.c">
      <Filter>Source Files</Filter>
    </ClCompile>
    <ClCompile Include="Coroutine.c">
      <Filter>Source Files</Filter>
    </ClCompile>
  </ItemGroup>
  <ItemGroup>
    <ClInclude Include="Preprocessor.h">
      <Filter>Header Files</Filter>
    </ClInclude>
    <ClInclude Include="BitBuffer.h">
      <Filter>Header Files</Filter>
    </ClInclude>
    <ClInclude Include="BitTwiddling.h">
      <Filter>Header Files</Filter>
    </ClInclude>
    <ClInclude Include="Defs.h">
      <Filter>Header Files</Filter>
    </ClInclude>
    <ClInclude Include="DLLBullshit.h">
      <Filter>Header Files</Filter>
    </ClInclude>
    <ClInclude Include="extern_c.h">
      <Filter>Header Files</Filter>
    </ClInclude>
    <ClInclude Include="HashTable_Create.h">
      <Filter>Header Files</Filter>
    </ClInclude>
    <ClInclude Include="Matrix.h">
      <Filter>Header Files</Filter>
    </ClInclude>
    <ClInclude Include="Rect.h">
      <Filter>Header Files</Filter>
    </ClInclude>
    <ClInclude Include="Vector.h">
      <Filter>Header Files</Filter>
    </ClInclude>
    <ClInclude Include="IntrusiveHeap.h">
      <Filter>Header Files</Filter>
    </ClInclude>
    <ClInclude Include="Vector_Create.h">
      <Filter>Header Files</Filter>
    </ClInclude>
    <ClInclude Include="Vector_Decl.h">
      <Filter>Header Files</Filter>
    </ClInclude>
    <ClInclude Include="Vector_Impl.h">
      <Filter>Header Files</Filter>
    </ClInclude>
    <ClInclude Include="Vector_Functions.h">
      <Filter>Header Files</Filter>
    </ClInclude>
    <ClInclude Include="Closure_Impl.h">
      <Filter>Header Files</Filter>
    </ClInclude>
    <ClInclude Include="Closure_Decl.h">
      <Filter>Header Files</Filter>
    </ClInclude>
    <ClInclude Include="Closure_Functions.h">
      <Filter>Header Files</Filter>
    </ClInclude>
    <ClInclude Include="Closure_Create.h">
      <Filter>Header Files</Filter>
    </ClInclude>
    <ClInclude Include="StandardVectors.h">
      <Filter>Header Files</Filter>
    </ClInclude>
    <ClInclude Include="HashTable_Functions.h">
      <Filter>Header Files</Filter>
    </ClInclude>
    <ClInclude Include="Quaternion.h">
      <Filter>Header Files</Filter>
    </ClInclude>
    <ClInclude Include="Plane.h">
      <Filter>Header Files</Filter>
    </ClInclude>
    <ClInclude Include="FSM.h">
      <Filter>Header Files</Filter>
    </ClInclude>
    <ClInclude Include="Coroutine.h">
      <Filter>Header Files</Filter>
    </ClInclude>
    <ClInclude Include="PagedVector_Create.h">
      <Filter>Header Files</Filter>
    </ClInclude>
    <ClInclude Include="PagedVector_Decl.h">
      <Filter>Header Files</Filter>
    </ClInclude>
    <ClInclude Include="PagedVector_Impl.h">
      <Filter>Header Files</Filter>
    </ClInclude>
    <ClInclude Include="PagedVector_Functions.h">
      <Filter>Header Files</Filter>
    </ClInclude>
  </ItemGroup>
  <ItemGroup>
    <Filter Include="Header Files">
      <UniqueIdentifier>{e5f5813f-429c-4549-a1e0-86b5c26a1ad0}</UniqueIdentifier>
    </Filter>
    <Filter Include="Source Files">
      <UniqueIdentifier>{fabdb2e2-a396-45c0-be45-e9c94381a51c}</UniqueIdentifier>
    </Filter>
    <Filter Include="Resource Files">
      <UniqueIdentifier>{ead6d6e0-4224-48ce-bfe4-c178e890553b}</UniqueIdentifier>
    </Filter>
  </ItemGroup>
</Project>