<?xml version="1.0" encoding="utf-8"?>
<Project ToolsVersion="4.0" xmlns="http://schemas.microsoft.com/developer/msbuild/2003">
  <ItemGroup>
    <Filter Include="Source Files">
      <UniqueIdentifier>{4FC737F1-C7A5-4376-A066-2A32D752A2FF}</UniqueIdentifier>
      <Extensions>cpp;c;cc;cxx;def;odl;idl;hpj;bat;asm;asmx</Extensions>
    </Filter>
    <Filter Include="Header Files">
      <UniqueIdentifier>{93995380-89BD-4b04-88EB-625FBE52EBFB}</UniqueIdentifier>
      <Extensions>h;hpp;hxx;hm;inl;inc;xsd</Extensions>
    </Filter>
    <Filter Include="Resource Files">
      <UniqueIdentifier>{67DA6AB6-F800-4c08-8B7A-83BB121AAD01}</UniqueIdentifier>
      <Extensions>rc;ico;cur;bmp;dlg;rc2;rct;bin;rgs;gif;jpg;jpeg;jpe;resx;tiff;tif;png;wav;mfcribbon-ms</Extensions>
    </Filter>
    <Filter Include="Source Files\ScanLines">
      <UniqueIdentifier>{87984f3e-0516-41df-a3f4-2992235c22ac}</UniqueIdentifier>
    </Filter>
  </ItemGroup>
  <ItemGroup>
    <ClInclude Include="EGA.h">
      <Filter>Header Files</Filter>
    </ClInclude>
    <ClInclude Include="ImageTools.hpp">
      <Filter>Header Files</Filter>
    </ClInclude>
    <ClInclude Include="ColorMath.hpp">
      <Filter>Header Files</Filter>
    </ClInclude>
    <ClInclude Include="EGAImage.hpp">
      <Filter>Header Files</Filter>
    </ClInclude>
    <ClInclude Include="CheckedMemory.h">
      <Filter>Header Files</Filter>
    </ClInclude>
    <ClInclude Include="extern_c.h">
      <Filter>Header Files</Filter>
    </ClInclude>
    <ClInclude Include="BitBuffer.h">
      <Filter>Header Files</Filter>
    </ClInclude>
    <ClInclude Include="BitTwiddling.h">
      <Filter>Header Files</Filter>
    </ClInclude>
  </ItemGroup>
  <ItemGroup>
    <ClCompile Include="Image.c">
      <Filter>Source Files</Filter>
    </ClCompile>
    <ClCompile Include="EGA.c">
      <Filter>Source Files</Filter>
    </ClCompile>
    <ClCompile Include="ColorMath.cpp">
      <Filter>Source Files</Filter>
    </ClCompile>
    <ClCompile Include="PNGData.cpp">
      <Filter>Source Files</Filter>
    </ClCompile>
    <ClCompile Include="EGAImage.cpp">
      <Filter>Source Files</Filter>
    </ClCompile>
    <ClCompile Include="CheckedMemory.cpp">
      <Filter>Source Files</Filter>
    </ClCompile>
    <ClCompile Include="BitBuffer.c">
      <Filter>Source Files</Filter>
    </ClCompile>
    <ClCompile Include="UncompressedScanLine.c">
      <Filter>Source Files\ScanLines</Filter>
    </ClCompile>
    <ClCompile Include="RLEScanLine.c">
      <Filter>Source Files\ScanLines</Filter>
    </ClCompile>
    <ClCompile Include="SolidScanLine.c">
      <Filter>Source Files\ScanLines</Filter>
    </ClCompile>
    <ClCompile Include="BitTwiddling.c">
      <Filter>Source Files</Filter>
    </ClCompile>
    <ClCompile Include="FontFactory.c">
      <Filter>Source Files</Filter>
    </ClCompile>
  </ItemGroup>
</Project>