<?xml version="1.0" encoding="utf-8"?>
<Project ToolsVersion="4.0" xmlns="http://schemas.microsoft.com/developer/msbuild/2003">
  <ItemGroup>
    <Filter Include="Source Files">
      <UniqueIdentifier>{4FC737F1-C7A5-4376-A066-2A32D752A2FF}</UniqueIdentifier>
      <Extensions>cpp;c;cc;cxx;def;odl;idl;hpj;bat;asm;asmx</Extensions>
    </Filter>
    <Filter Include="Header Files">
      <UniqueIdentifier>{93995380-89BD-4b04-88EB-625FBE52EBFB}</UniqueIdentifier>
      <Extensions>h;hh;hpp;hxx;hm;inl;inc;xsd</Extensions>
    </Filter>
    <Filter Include="Resource Files">
      <UniqueIdentifier>{67DA6AB6-F800-4c08-8B7A-83BB121AAD01}</UniqueIdentifier>
      <Extensions>rc;ico;cur;bmp;dlg;rc2;rct;bin;rgs;gif;jpg;jpeg;jpe;resx;tiff;tif;png;wav;mfcribbon-ms</Extensions>
    </Filter>
    <Filter Include="Source Files\Managers">
      <UniqueIdentifier>{9b0ef319-8d2b-497c-b663-95700cf49e60}</UniqueIdentifier>
    </Filter>
    <Filter Include="Source Files\GameStates">
      <UniqueIdentifier>{e67b7ef8-3602-4c4f-be8a-a28b645e92e0}</UniqueIdentifier>
    </Filter>
    <Filter Include="Header Files\Managers">
      <UniqueIdentifier>{f2bba4c6-6f0b-4243-8ca8-8e199896e249}</UniqueIdentifier>
    </Filter>
    <Filter Include="Source Files\Commands">
      <UniqueIdentifier>{a9ca7d73-333f-431c-9822-81d70be7e6c9}</UniqueIdentifier>
    </Filter>
  </ItemGroup>
  <ItemGroup>
    <ClInclude Include="BT.h">
      <Filter>Header Files</Filter>
    </ClInclude>
    <ClInclude Include="CoreComponents.h">
      <Filter>Header Files</Filter>
    </ClInclude>
    <ClInclude Include="MeshRendering.h">
      <Filter>Header Files</Filter>
    </ClInclude>
    <ClInclude Include="WorldView.h">
      <Filter>Header Files</Filter>
    </ClInclude>
    <ClInclude Include="ImageLibrary.h">
      <Filter>Header Files</Filter>
    </ClInclude>
    <ClInclude Include="GameState.h">
      <Filter>Header Files</Filter>
    </ClInclude>
    <ClInclude Include="GridManager.h">
      <Filter>Header Files\Managers</Filter>
    </ClInclude>
    <ClInclude Include="Managers.h">
      <Filter>Header Files\Managers</Filter>
    </ClInclude>
    <ClInclude Include="SelectionManager.h">
      <Filter>Header Files\Managers</Filter>
    </ClInclude>
    <ClInclude Include="Commands.h">
      <Filter>Header Files</Filter>
    </ClInclude>
    <ClInclude Include="LogManager.h">
      <Filter>Header Files\Managers</Filter>
    </ClInclude>
    <ClInclude Include="Actions.h">
      <Filter>Header Files</Filter>
    </ClInclude>
    <ClInclude Include="CombatRoutines.h">
      <Filter>Header Files</Filter>
    </ClInclude>
    <ClInclude Include="Combat.h">
      <Filter>Header Files</Filter>
    </ClInclude>
    <ClInclude Include="GameClock.h">
      <Filter>Header Files</Filter>
    </ClInclude>
    <ClInclude Include="CombatConstants.h">
      <Filter>Header Files</Filter>
    </ClInclude>
    <ClInclude Include="GridHelpers.h">
      <Filter>Header Files</Filter>
    </ClInclude>
  </ItemGroup>
  <ItemGroup>
    <ClCompile Include="BT.c">
      <Filter>Source Files</Filter>
    </ClCompile>
    <ClCompile Include="CoreComponents.c">
      <Filter>Source Files</Filter>
    </ClCompile>
    <ClCompile Include="MeshRendering.c">
      <Filter>Source Files</Filter>
    </ClCompile>
    <ClCompile Include="ImageLibrary.c">
      <Filter>Source Files</Filter>
    </ClCompile>
    <ClCompile Include="CursorManager.c">
      <Filter>Source Files\Managers</Filter>
    </ClCompile>
    <ClCompile Include="InterpolationManager.c">
      <Filter>Source Files\Managers</Filter>
    </ClCompile>
    <ClCompile Include="RenderManager.c">
      <Filter>Source Files\Managers</Filter>
    </ClCompile>
    <ClCompile Include="GridManager.c">
      <Filter>Source Files\Managers</Filter>
    </ClCompile>
    <ClCompile Include="DiceManager.c">
      <Filter>Source Files\Managers</Filter>
    </ClCompile>
    <ClCompile Include="GameState.c">
      <Filter>Source Files</Filter>
    </ClCompile>
    <ClCompile Include="BoardState.c">
      <Filter>Source Files\GameStates</Filter>
    </ClCompile>
    <ClCompile Include="SelectionManager.c">
      <Filter>Source Files\Managers</Filter>
    </ClCompile>
    <ClCompile Include="CommandManager.c">
      <Filter>Source Files\Managers</Filter>
    </ClCompile>
    <ClCompile Include="GridMove.c">
      <Filter>Source Files\Commands</Filter>
    </ClCompile>
    <ClCompile Include="LogManager.c">
      <Filter>Source Files\Managers</Filter>
    </ClCompile>
    <ClCompile Include="Attack.c">
      <Filter>Source Files\Commands</Filter>
    </ClCompile>
    <ClCompile Include="CombatRoutineLibrary.c">
      <Filter>Source Files</Filter>
    </ClCompile>
    <ClCompile Include="AllCombatRoutines.c">
      <Filter>Source Files</Filter>
    </ClCompile>
    <ClCompile Include="CombatManager.c">
      <Filter>Source Files\Managers</Filter>
    </ClCompile>
    <ClCompile Include="GameClock.c">
      <Filter>Source Files</Filter>
    </ClCompile>
    <ClCompile Include="Ranged.c">
      <Filter>Source Files\Commands</Filter>
    </ClCompile>
    <ClCompile Include="Projectile.c">
      <Filter>Source Files\Commands</Filter>
    </ClCompile>
    <ClCompile Include="DestructionManager.c">
      <Filter>Source Files\Managers</Filter>
    </ClCompile>
    <ClCompile Include="AIManager.c">
      <Filter>Source Files\Managers</Filter>
    </ClCompile>
    <ClCompile Include="NEWCMD.c">
      <Filter>Source Files\Commands</Filter>
    </ClCompile>
    <ClCompile Include="Swap.c">
      <Filter>Source Files\Commands</Filter>
    </ClCompile>
    <ClCompile Include="swap-other.c">
      <Filter>Source Files\Commands</Filter>
    </ClCompile>
    <ClCompile Include="PrimaryTargetManager.c">
      <Filter>Source Files\Managers</Filter>
    </ClCompile>
    <ClCompile Include="auto.c">
      <Filter>Source Files\Commands</Filter>
    </ClCompile>
    <ClCompile Include="GridHelpers.c">
      <Filter>Source Files</Filter>
    </ClCompile>
  </ItemGroup>
</Project>