<?xml version="1.0" encoding="utf-8"?>
<Project ToolsVersion="4.0" xmlns="http://schemas.microsoft.com/developer/msbuild/2003">
  <ItemGroup>
    <Filter Include="Source Files">
      <UniqueIdentifier>{4FC737F1-C7A5-4376-A066-2A32D752A2FF}</UniqueIdentifier>
      <Extensions>cpp;c;cc;cxx;def;odl;idl;hpj;bat;asm;asmx</Extensions>
    </Filter>
    <Filter Include="Header Files">
      <UniqueIdentifier>{93995380-89BD-4b04-88EB-625FBE52EBFB}</UniqueIdentifier>
      <Extensions>h;hh;hpp;hxx;hm;inl;inc;xsd</Extensions>
    </Filter>
    <Filter Include="Resource Files">
      <UniqueIdentifier>{67DA6AB6-F800-4c08-8B7A-83BB121AAD01}</UniqueIdentifier>
      <Extensions>rc;ico;cur;bmp;dlg;rc2;rct;bin;rgs;gif;jpg;jpeg;jpe;resx;tiff;tif;png;wav;mfcribbon-ms</Extensions>
    </Filter>
    <Filter Include="Source Files\Managers">
      <UniqueIdentifier>{0fc0de4b-d390-4fec-837b-801c416c2de9}</UniqueIdentifier>
    </Filter>
    <Filter Include="Source Files\Game States">
      <UniqueIdentifier>{4f8661ff-7527-40b9-8e09-c3023cdf2b0b}</UniqueIdentifier>
    </Filter>
    <Filter Include="Source Files\Lua">
      <UniqueIdentifier>{6c69116a-9990-4962-91e0-90347a70d4f4}</UniqueIdentifier>
    </Filter>
    <Filter Include="Header Files\DBGen">
      <UniqueIdentifier>{f93ab4af-53d0-4bd6-894f-51f24cefaf74}</UniqueIdentifier>
    </Filter>
    <Filter Include="Header Files\Generated">
      <UniqueIdentifier>{071300d4-adaa-487f-95a6-16a8a94794cd}</UniqueIdentifier>
    </Filter>
    <Filter Include="Source Files\Generated">
      <UniqueIdentifier>{24f9c756-b789-4e19-886c-4b43bb47d87f}</UniqueIdentifier>
    </Filter>
  </ItemGroup>
  <ItemGroup>
    <ClInclude Include="BT.h">
      <Filter>Header Files</Filter>
    </ClInclude>
    <ClInclude Include="Managers.h">
      <Filter>Header Files</Filter>
    </ClInclude>
    <ClInclude Include="ImageLibrary.h">
      <Filter>Header Files</Filter>
    </ClInclude>
    <ClInclude Include="GameClock.h">
      <Filter>Header Files</Filter>
    </ClInclude>
    <ClInclude Include="GameState.h">
      <Filter>Header Files</Filter>
    </ClInclude>
    <ClInclude Include="MeshRendering.h">
      <Filter>Header Files</Filter>
    </ClInclude>
    <ClInclude Include="WorldView.h">
      <Filter>Header Files</Filter>
    </ClInclude>
    <ClInclude Include="Viewport.h">
      <Filter>Header Files</Filter>
    </ClInclude>
    <ClInclude Include="GridManager.h">
      <Filter>Header Files</Filter>
    </ClInclude>
    <ClInclude Include="LightGrid.h">
      <Filter>Header Files</Filter>
    </ClInclude>
    <ClInclude Include="GridSolver.h">
      <Filter>Header Files</Filter>
    </ClInclude>
    <ClInclude Include="Verbs.h">
      <Filter>Header Files</Filter>
    </ClInclude>
    <ClInclude Include="Console.h">
      <Filter>Header Files</Filter>
    </ClInclude>
    <ClInclude Include="RichText.h">
      <Filter>Header Files</Filter>
    </ClInclude>
    <ClInclude Include="Lua.h">
      <Filter>Header Files</Filter>
    </ClInclude>
    <ClInclude Include="GameHelpers.h">
      <Filter>Header Files</Filter>
    </ClInclude>
    <ClInclude Include="Map.h">
      <Filter>Header Files</Filter>
    </ClInclude>
    <ClInclude Include="Tiles.h">
      <Filter>Header Files</Filter>
    </ClInclude>
    <ClInclude Include="RenderLayers.h">
      <Filter>Header Files</Filter>
    </ClInclude>
    <ClInclude Include="MapEditor.h">
      <Filter>Header Files</Filter>
    </ClInclude>
    <ClInclude Include="ChoicePrompt.h">
      <Filter>Header Files</Filter>
    </ClInclude>
    <ClInclude Include="DB.h">
      <Filter>Header Files</Filter>
    </ClInclude>
    <ClInclude Include="Weather.h">
      <Filter>Header Files</Filter>
    </ClInclude>
    <ClInclude Include="TextArea.h">
      <Filter>Header Files</Filter>
    </ClInclude>
    <ClInclude Include="assets.dbh">
      <Filter>Header Files\DBGen</Filter>
    </ClInclude>
    <ClInclude Include="assets.h">
      <Filter>Header Files\Generated</Filter>
    </ClInclude>
    <ClInclude Include="AssetHelpers.h">
      <Filter>Header Files</Filter>
    </ClInclude>
    <ClInclude Include="Actors.h">
      <Filter>Header Files</Filter>
    </ClInclude>
    <ClInclude Include="Sprites.h">
      <Filter>Header Files</Filter>
    </ClInclude>
    <ClInclude Include="RenderHelpers.h">
      <Filter>Header Files</Filter>
    </ClInclude>
    <ClInclude Include="Calendar.h">
      <Filter>Header Files</Filter>
    </ClInclude>
    <ClInclude Include="LightDebugger.h">
      <Filter>Header Files</Filter>
    </ClInclude>
  </ItemGroup>
  <ItemGroup>
    <ClCompile Include="BT.c">
      <Filter>Source Files</Filter>
    </ClCompile>
    <ClCompile Include="GameClock.c">
      <Filter>Source Files</Filter>
    </ClCompile>
    <ClCompile Include="GameState.c">
      <Filter>Source Files</Filter>
    </ClCompile>
    <ClCompile Include="ImageLibrary.c">
      <Filter>Source Files</Filter>
    </ClCompile>
    <ClCompile Include="MeshRendering.c">
      <Filter>Source Files</Filter>
    </ClCompile>
    <ClCompile Include="CursorManager.c">
      <Filter>Source Files\Managers</Filter>
    </ClCompile>
    <ClCompile Include="WorldState.c">
      <Filter>Source Files\Game States</Filter>
    </ClCompile>
    <ClCompile Include="GridManager.c">
      <Filter>Source Files\Managers</Filter>
    </ClCompile>
    <ClCompile Include="LightGrid.c">
      <Filter>Source Files</Filter>
    </ClCompile>
    <ClCompile Include="PCManager.c">
      <Filter>Source Files\Managers</Filter>
    </ClCompile>
    <ClCompile Include="GridSolver.c">
      <Filter>Source Files</Filter>
    </ClCompile>
    <ClCompile Include="VerbManager.c">
      <Filter>Source Files\Managers</Filter>
    </ClCompile>
    <ClCompile Include="Console.c">
      <Filter>Source Files</Filter>
    </ClCompile>
    <ClCompile Include="RichText.c">
      <Filter>Source Files</Filter>
    </ClCompile>
    <ClCompile Include="Lua.c">
      <Filter>Source Files\Lua</Filter>
    </ClCompile>
    <ClCompile Include="Lua_AllLibraries.c">
      <Filter>Source Files\Lua</Filter>
    </ClCompile>
    <ClCompile Include="Lua_StandardLibrary.c">
      <Filter>Source Files\Lua</Filter>
    </ClCompile>
    <ClCompile Include="Lua_UILibrary.c">
      <Filter>Source Files\Lua</Filter>
    </ClCompile>
    <ClCompile Include="Lua_ActorLibrary.c">
      <Filter>Source Files\Lua</Filter>
    </ClCompile>
    <ClCompile Include="ActorManager.c">
      <Filter>Source Files\Managers</Filter>
    </ClCompile>
    <ClCompile Include="GameHelpers.c">
      <Filter>Source Files</Filter>
    </ClCompile>
    <ClCompile Include="Map.c">
      <Filter>Source Files</Filter>
    </ClCompile>
    <ClCompile Include="Lua_Map.c">
      <Filter>Source Files\Lua</Filter>
    </ClCompile>
    <ClCompile Include="ConsoleState.c">
      <Filter>Source Files\Game States</Filter>
    </ClCompile>
    <ClCompile Include="EditorState.c">
      <Filter>Source Files\Game States</Filter>
    </ClCompile>
    <ClCompile Include="MapEditor.c">
      <Filter>Source Files</Filter>
    </ClCompile>
    <ClCompile Include="ChoicePrompt.c">
      <Filter>Source Files</Filter>
    </ClCompile>
    <ClCompile Include="DB.c">
      <Filter>Source Files</Filter>
    </ClCompile>
    <ClCompile Include="Lua_DB.c">
      <Filter>Source Files\Lua</Filter>
    </ClCompile>
    <ClCompile Include="Weather.c">
      <Filter>Source Files</Filter>
    </ClCompile>
    <ClCompile Include="SplashState.c">
      <Filter>Source Files\Game States</Filter>
    </ClCompile>
    <ClCompile Include="TextArea.c">
      <Filter>Source Files</Filter>
    </ClCompile>
    <ClCompile Include="assets.c">
      <Filter>Source Files\Generated</Filter>
    </ClCompile>
    <ClCompile Include="AssetHelpers.c">
      <Filter>Source Files</Filter>
    </ClCompile>
    <ClCompile Include="RenderHelpers.c">
      <Filter>Source Files</Filter>
    </ClCompile>
    <ClCompile Include="FramerateViewer.c">
      <Filter>Source Files</Filter>
    </ClCompile>
    <ClCompile Include="Sprites.c">
      <Filter>Source Files</Filter>
    </ClCompile>
    <ClCompile Include="Calendar.c">
      <Filter>Source Files</Filter>
    </ClCompile>
    <ClCompile Include="LightDebugger.c">
      <Filter>Source Files</Filter>
    </ClCompile>
    <ClCompile Include="Lua_Time.c">
      <Filter>Source Files\Lua</Filter>
    </ClCompile>
  </ItemGroup>
</Project>