<?xml version="1.0" encoding="utf-8"?>
<Project ToolsVersion="14.0" xmlns="http://schemas.microsoft.com/developer/msbuild/2003">
  <ItemGroup>
    <Filter Include="Resource Files">
      <UniqueIdentifier>{67DA6AB6-F800-4c08-8B7A-83BB121AAD01}</UniqueIdentifier>
      <Extensions>rc;ico;cur;bmp;dlg;rc2;rct;bin;rgs;gif;jpg;jpeg;jpe;resx;tga;tiff;tif;png;wav;mfcribbon-ms</Extensions>
    </Filter>
    <Filter Include="Header Files">
      <UniqueIdentifier>{2efc8ff2-569c-4efd-95ec-2bdc98241e68}</UniqueIdentifier>
    </Filter>
    <Filter Include="Source Files">
      <UniqueIdentifier>{5b51d5b7-4b93-4d40-ad0a-9557728d43be}</UniqueIdentifier>
    </Filter>
  </ItemGroup>
  <ItemGroup>
    <ClInclude Include="..\segashared\CheckedMemory.h">
      <Filter>Header Files</Filter>
    </ClInclude>
    <ClInclude Include="..\segashared\RTTI.h">
      <Filter>Header Files</Filter>
    </ClInclude>
    <ClInclude Include="..\segashared\Strings.h">
      <Filter>Header Files</Filter>
    </ClInclude>
  </ItemGroup>
  <ItemGroup>
    <ClCompile Include="..\segashared\CheckedMemory.c">
      <Filter>Source Files</Filter>
    </ClCompile>
    <ClCompile Include="..\segashared\RTTI.c">
      <Filter>Source Files</Filter>
    </ClCompile>
    <ClCompile Include="..\segashared\Strings.c">
      <Filter>Source Files</Filter>
    </ClCompile>
  </ItemGroup>
</Project>